// !$*UTF8*$!
{
	archiveVersion = 1;
	classes = {
	};
	objectVersion = 50;
	objects = {

/* Begin PBXBuildFile section */
		B0A7DA99237089F300244149 /* AppDelegate.m in Sources */ = {isa = PBXBuildFile; fileRef = B0A7DA98237089F300244149 /* AppDelegate.m */; };
		B0A7DA9C237089F300244149 /* SceneDelegate.m in Sources */ = {isa = PBXBuildFile; fileRef = B0A7DA9B237089F300244149 /* SceneDelegate.m */; };
		B0A7DAA2237089F300244149 /* Main.storyboard in Resources */ = {isa = PBXBuildFile; fileRef = B0A7DAA0237089F300244149 /* Main.storyboard */; };
		B0A7DAA4237089F600244149 /* Assets.xcassets in Resources */ = {isa = PBXBuildFile; fileRef = B0A7DAA3237089F600244149 /* Assets.xcassets */; };
		B0A7DAA7237089F600244149 /* LaunchScreen.storyboard in Resources */ = {isa = PBXBuildFile; fileRef = B0A7DAA5237089F600244149 /* LaunchScreen.storyboard */; };
		B0A7DAAA237089F600244149 /* main.m in Sources */ = {isa = PBXBuildFile; fileRef = B0A7DAA9237089F600244149 /* main.m */; };
		B0D5E456237DBFDC00CBC793 /* Pythagoras.storyboard in Resources */ = {isa = PBXBuildFile; fileRef = B0D5E451237DBFDB00CBC793 /* Pythagoras.storyboard */; };
		B0D5E457237DBFDC00CBC793 /* AlgoSearch.storyboard in Resources */ = {isa = PBXBuildFile; fileRef = B0D5E452237DBFDB00CBC793 /* AlgoSearch.storyboard */; };
		B0D5E458237DBFDC00CBC793 /* Calculator.storyboard in Resources */ = {isa = PBXBuildFile; fileRef = B0D5E453237DBFDB00CBC793 /* Calculator.storyboard */; };
		B0D5E459237DBFDC00CBC793 /* Histogram.storyboard in Resources */ = {isa = PBXBuildFile; fileRef = B0D5E454237DBFDB00CBC793 /* Histogram.storyboard */; };
		B0D5E45A237DBFDC00CBC793 /* FileIO.storyboard in Resources */ = {isa = PBXBuildFile; fileRef = B0D5E455237DBFDB00CBC793 /* FileIO.storyboard */; };
		B0D5E470237DC03900CBC793 /* histogram.c in Sources */ = {isa = PBXBuildFile; fileRef = B0D5E46A237DC03900CBC793 /* histogram.c */; };
		B0D5E472237DC03900CBC793 /* programming.c in Sources */ = {isa = PBXBuildFile; fileRef = B0D5E46C237DC03900CBC793 /* programming.c */; };
		B0D5E473237DC03900CBC793 /* calc.c in Sources */ = {isa = PBXBuildFile; fileRef = B0D5E46D237DC03900CBC793 /* calc.c */; };
		B0D5E474237DC03900CBC793 /* fileparse.c in Sources */ = {isa = PBXBuildFile; fileRef = B0D5E46E237DC03900CBC793 /* fileparse.c */; };
		B0D5E48E237DD09C00CBC793 /* FileIOController.m in Sources */ = {isa = PBXBuildFile; fileRef = B0D5E485237DD09B00CBC793 /* FileIOController.m */; };
		B0D5E48F237DD09C00CBC793 /* CalcController.m in Sources */ = {isa = PBXBuildFile; fileRef = B0D5E487237DD09B00CBC793 /* CalcController.m */; };
		B0D5E490237DD09C00CBC793 /* PythController.m in Sources */ = {isa = PBXBuildFile; fileRef = B0D5E488237DD09B00CBC793 /* PythController.m */; };
		B0D5E491237DD09C00CBC793 /* AlgoController.m in Sources */ = {isa = PBXBuildFile; fileRef = B0D5E489237DD09C00CBC793 /* AlgoController.m */; };
		B0D5E492237DD09C00CBC793 /* HistoController.m in Sources */ = {isa = PBXBuildFile; fileRef = B0D5E48A237DD09C00CBC793 /* HistoController.m */; };
/* End PBXBuildFile section */

/* Begin PBXFileReference section */
		B068232F237B2623007CD8D4 /* control.h */ = {isa = PBXFileReference; lastKnownFileType = sourcecode.c.h; path = control.h; sourceTree = "<group>"; };
		B0A7DA94237089F300244149 /* UI.portfolio.app */ = {isa = PBXFileReference; explicitFileType = wrapper.application; includeInIndex = 0; path = UI.portfolio.app; sourceTree = BUILT_PRODUCTS_DIR; };
		B0A7DA97237089F300244149 /* AppDelegate.h */ = {isa = PBXFileReference; lastKnownFileType = sourcecode.c.h; path = AppDelegate.h; sourceTree = "<group>"; };
		B0A7DA98237089F300244149 /* AppDelegate.m */ = {isa = PBXFileReference; lastKnownFileType = sourcecode.c.objc; path = AppDelegate.m; sourceTree = "<group>"; };
		B0A7DA9A237089F300244149 /* SceneDelegate.h */ = {isa = PBXFileReference; lastKnownFileType = sourcecode.c.h; path = SceneDelegate.h; sourceTree = "<group>"; };
		B0A7DA9B237089F300244149 /* SceneDelegate.m */ = {isa = PBXFileReference; lastKnownFileType = sourcecode.c.objc; path = SceneDelegate.m; sourceTree = "<group>"; };
		B0A7DAA1237089F300244149 /* Base */ = {isa = PBXFileReference; lastKnownFileType = file.storyboard; name = Base; path = Base.lproj/Main.storyboard; sourceTree = "<group>"; };
		B0A7DAA3237089F600244149 /* Assets.xcassets */ = {isa = PBXFileReference; lastKnownFileType = folder.assetcatalog; path = Assets.xcassets; sourceTree = "<group>"; };
		B0A7DAA6237089F600244149 /* Base */ = {isa = PBXFileReference; lastKnownFileType = file.storyboard; name = Base; path = Base.lproj/LaunchScreen.storyboard; sourceTree = "<group>"; };
		B0A7DAA8237089F600244149 /* Info.plist */ = {isa = PBXFileReference; lastKnownFileType = text.plist.xml; path = Info.plist; sourceTree = "<group>"; };
		B0A7DAA9237089F600244149 /* main.m */ = {isa = PBXFileReference; lastKnownFileType = sourcecode.c.objc; path = main.m; sourceTree = "<group>"; };
		B0D5E451237DBFDB00CBC793 /* Pythagoras.storyboard */ = {isa = PBXFileReference; fileEncoding = 4; lastKnownFileType = file.storyboard; name = Pythagoras.storyboard; path = "../../../Downloads/p1f-jm1021-master/Uiportfolio/Views/Pythagoras.storyboard"; sourceTree = "<group>"; };
		B0D5E452237DBFDB00CBC793 /* AlgoSearch.storyboard */ = {isa = PBXFileReference; fileEncoding = 4; lastKnownFileType = file.storyboard; name = AlgoSearch.storyboard; path = "../../../Downloads/p1f-jm1021-master/Uiportfolio/Views/AlgoSearch.storyboard"; sourceTree = "<group>"; };
		B0D5E453237DBFDB00CBC793 /* Calculator.storyboard */ = {isa = PBXFileReference; fileEncoding = 4; lastKnownFileType = file.storyboard; name = Calculator.storyboard; path = "../../../Downloads/p1f-jm1021-master/Uiportfolio/Views/Calculator.storyboard"; sourceTree = "<group>"; };
		B0D5E454237DBFDB00CBC793 /* Histogram.storyboard */ = {isa = PBXFileReference; fileEncoding = 4; lastKnownFileType = file.storyboard; name = Histogram.storyboard; path = "../../../Downloads/p1f-jm1021-master/Uiportfolio/Views/Histogram.storyboard"; sourceTree = "<group>"; };
		B0D5E455237DBFDB00CBC793 /* FileIO.storyboard */ = {isa = PBXFileReference; fileEncoding = 4; lastKnownFileType = file.storyboard; name = FileIO.storyboard; path = "../../../Downloads/p1f-jm1021-master/Uiportfolio/Views/FileIO.storyboard"; sourceTree = "<group>"; };
		B0D5E46A237DC03900CBC793 /* histogram.c */ = {isa = PBXFileReference; fileEncoding = 4; lastKnownFileType = sourcecode.c.c; name = histogram.c; path = "../../../../Downloads/p1f-jm1021-master/Uiportfolio/Views/Control/histogram.c"; sourceTree = "<group>"; };
		B0D5E46C237DC03900CBC793 /* programming.c */ = {isa = PBXFileReference; fileEncoding = 4; lastKnownFileType = sourcecode.c.c; name = programming.c; path = "../../../../Downloads/p1f-jm1021-master/Uiportfolio/Views/Control/programming.c"; sourceTree = "<group>"; };
		B0D5E46D237DC03900CBC793 /* calc.c */ = {isa = PBXFileReference; fileEncoding = 4; lastKnownFileType = sourcecode.c.c; name = calc.c; path = "../../../../Downloads/p1f-jm1021-master/Uiportfolio/Views/Control/calc.c"; sourceTree = "<group>"; };
		B0D5E46E237DC03900CBC793 /* fileparse.c */ = {isa = PBXFileReference; fileEncoding = 4; lastKnownFileType = sourcecode.c.c; name = fileparse.c; path = "../../../../Downloads/p1f-jm1021-master/Uiportfolio/Views/Control/fileparse.c"; sourceTree = "<group>"; };
		B0D5E484237DD09B00CBC793 /* AlgoController.h */ = {isa = PBXFileReference; fileEncoding = 4; lastKnownFileType = sourcecode.c.h; name = AlgoController.h; path = "../../../../Downloads/p1f-jm1021-master-2/Uiportfolio/ViewControllers/AlgoController.h"; sourceTree = "<group>"; };
		B0D5E485237DD09B00CBC793 /* FileIOController.m */ = {isa = PBXFileReference; fileEncoding = 4; lastKnownFileType = sourcecode.c.objc; name = FileIOController.m; path = "../../../../Downloads/p1f-jm1021-master-2/Uiportfolio/ViewControllers/FileIOController.m"; sourceTree = "<group>"; };
		B0D5E486237DD09B00CBC793 /* CalcController.h */ = {isa = PBXFileReference; fileEncoding = 4; lastKnownFileType = sourcecode.c.h; name = CalcController.h; path = "../../../../Downloads/p1f-jm1021-master-2/Uiportfolio/ViewControllers/CalcController.h"; sourceTree = "<group>"; };
		B0D5E487237DD09B00CBC793 /* CalcController.m */ = {isa = PBXFileReference; fileEncoding = 4; lastKnownFileType = sourcecode.c.objc; name = CalcController.m; path = "../../../../Downloads/p1f-jm1021-master-2/Uiportfolio/ViewControllers/CalcController.m"; sourceTree = "<group>"; };
		B0D5E488237DD09B00CBC793 /* PythController.m */ = {isa = PBXFileReference; fileEncoding = 4; lastKnownFileType = sourcecode.c.objc; name = PythController.m; path = "../../../../Downloads/p1f-jm1021-master-2/Uiportfolio/ViewControllers/PythController.m"; sourceTree = "<group>"; };
		B0D5E489237DD09C00CBC793 /* AlgoController.m */ = {isa = PBXFileReference; fileEncoding = 4; lastKnownFileType = sourcecode.c.objc; name = AlgoController.m; path = "../../../../Downloads/p1f-jm1021-master-2/Uiportfolio/ViewControllers/AlgoController.m"; sourceTree = "<group>"; };
		B0D5E48A237DD09C00CBC793 /* HistoController.m */ = {isa = PBXFileReference; fileEncoding = 4; lastKnownFileType = sourcecode.c.objc; name = HistoController.m; path = "../../../../Downloads/p1f-jm1021-master-2/Uiportfolio/ViewControllers/HistoController.m"; sourceTree = "<group>"; };
		B0D5E48B237DD09C00CBC793 /* HistoController.h */ = {isa = PBXFileReference; fileEncoding = 4; lastKnownFileType = sourcecode.c.h; name = HistoController.h; path = "../../../../Downloads/p1f-jm1021-master-2/Uiportfolio/ViewControllers/HistoController.h"; sourceTree = "<group>"; };
		B0D5E48C237DD09C00CBC793 /* PythController.h */ = {isa = PBXFileReference; fileEncoding = 4; lastKnownFileType = sourcecode.c.h; name = PythController.h; path = "../../../../Downloads/p1f-jm1021-master-2/Uiportfolio/ViewControllers/PythController.h"; sourceTree = "<group>"; };
		B0D5E48D237DD09C00CBC793 /* FileIOController.h */ = {isa = PBXFileReference; fileEncoding = 4; lastKnownFileType = sourcecode.c.h; name = FileIOController.h; path = "../../../../Downloads/p1f-jm1021-master-2/Uiportfolio/ViewControllers/FileIOController.h"; sourceTree = "<group>"; };
/* End PBXFileReference section */

/* Begin PBXFrameworksBuildPhase section */
		B0A7DA91237089F300244149 /* Frameworks */ = {
			isa = PBXFrameworksBuildPhase;
			buildActionMask = 2147483647;
			files = (
			);
			runOnlyForDeploymentPostprocessing = 0;
		};
/* End PBXFrameworksBuildPhase section */

/* Begin PBXGroup section */
		B068232E237B25B0007CD8D4 /* control */ = {
			isa = PBXGroup;
			children = (
				B068232F237B2623007CD8D4 /* control.h */,
				B0D5E46D237DC03900CBC793 /* calc.c */,
				B0D5E46E237DC03900CBC793 /* fileparse.c */,
				B0D5E46A237DC03900CBC793 /* histogram.c */,
				B0D5E46C237DC03900CBC793 /* programming.c */,
			);
			path = control;
			sourceTree = "<group>";
		};
		B0682336237B28A9007CD8D4 /* views */ = {
			isa = PBXGroup;
			children = (
			);
			path = views;
			sourceTree = "<group>";
		};
		B0682337237B291D007CD8D4 /* models */ = {
			isa = PBXGroup;
			children = (
				B0A7DA97237089F300244149 /* AppDelegate.h */,
				B0A7DA98237089F300244149 /* AppDelegate.m */,
				B0A7DA9A237089F300244149 /* SceneDelegate.h */,
				B0A7DA9B237089F300244149 /* SceneDelegate.m */,
			);
			path = models;
			sourceTree = "<group>";
		};
		B068233B237B2C46007CD8D4 /* viewcontrollers */ = {
			isa = PBXGroup;
			children = (
				B0D5E484237DD09B00CBC793 /* AlgoController.h */,
				B0D5E489237DD09C00CBC793 /* AlgoController.m */,
				B0D5E486237DD09B00CBC793 /* CalcController.h */,
				B0D5E487237DD09B00CBC793 /* CalcController.m */,
				B0D5E48D237DD09C00CBC793 /* FileIOController.h */,
				B0D5E485237DD09B00CBC793 /* FileIOController.m */,
				B0D5E48B237DD09C00CBC793 /* HistoController.h */,
				B0D5E48A237DD09C00CBC793 /* HistoController.m */,
				B0D5E48C237DD09C00CBC793 /* PythController.h */,
				B0D5E488237DD09B00CBC793 /* PythController.m */,
			);
			path = viewcontrollers;
			sourceTree = "<group>";
		};
		B0A7DA8B237089F300244149 = {
			isa = PBXGroup;
			children = (
				B0A7DA96237089F300244149 /* UI.portfolio */,
				B0A7DA95237089F300244149 /* Products */,
			);
			sourceTree = "<group>";
		};
		B0A7DA95237089F300244149 /* Products */ = {
			isa = PBXGroup;
			children = (
				B0A7DA94237089F300244149 /* UI.portfolio.app */,
			);
			name = Products;
			sourceTree = "<group>";
		};
		B0A7DA96237089F300244149 /* UI.portfolio */ = {
			isa = PBXGroup;
			children = (
				B0A7DAA9237089F600244149 /* main.m */,
				B0A7DAA8237089F600244149 /* Info.plist */,
				B0682337237B291D007CD8D4 /* models */,
				B0682336237B28A9007CD8D4 /* views */,
				B0A7DAA5237089F600244149 /* LaunchScreen.storyboard */,
				B0A7DAA0237089F300244149 /* Main.storyboard */,
				B0D5E452237DBFDB00CBC793 /* AlgoSearch.storyboard */,
				B0D5E453237DBFDB00CBC793 /* Calculator.storyboard */,
				B0D5E455237DBFDB00CBC793 /* FileIO.storyboard */,
				B0D5E454237DBFDB00CBC793 /* Histogram.storyboard */,
				B0D5E451237DBFDB00CBC793 /* Pythagoras.storyboard */,
				B0A7DAA3237089F600244149 /* Assets.xcassets */,
				B068233B237B2C46007CD8D4 /* viewcontrollers */,
				B068232E237B25B0007CD8D4 /* control */,
			);
			path = UI.portfolio;
			sourceTree = "<group>";
		};
/* End PBXGroup section */

/* Begin PBXNativeTarget section */
		B0A7DA93237089F300244149 /* UI.portfolio */ = {
			isa = PBXNativeTarget;
			buildConfigurationList = B0A7DAAD237089F600244149 /* Build configuration list for PBXNativeTarget "UI.portfolio" */;
			buildPhases = (
				B0A7DA90237089F300244149 /* Sources */,
				B0A7DA91237089F300244149 /* Frameworks */,
				B0A7DA92237089F300244149 /* Resources */,
			);
			buildRules = (
			);
			dependencies = (
			);
			name = UI.portfolio;
			productName = UI.portfolio;
			productReference = B0A7DA94237089F300244149 /* UI.portfolio.app */;
			productType = "com.apple.product-type.application";
		};
/* End PBXNativeTarget section */

/* Begin PBXProject section */
		B0A7DA8C237089F300244149 /* Project object */ = {
			isa = PBXProject;
			attributes = {
				LastUpgradeCheck = 1110;
				ORGANIZATIONNAME = "Ohanian, Aidan";
				TargetAttributes = {
					B0A7DA93237089F300244149 = {
						CreatedOnToolsVersion = 11.1;
					};
				};
			};
			buildConfigurationList = B0A7DA8F237089F300244149 /* Build configuration list for PBXProject "UI.portfolio" */;
			compatibilityVersion = "Xcode 9.3";
			developmentRegion = en;
			hasScannedForEncodings = 0;
			knownRegions = (
				en,
				Base,
			);
			mainGroup = B0A7DA8B237089F300244149;
			productRefGroup = B0A7DA95237089F300244149 /* Products */;
			projectDirPath = "";
			projectRoot = "";
			targets = (
				B0A7DA93237089F300244149 /* UI.portfolio */,
			);
		};
/* End PBXProject section */

/* Begin PBXResourcesBuildPhase section */
		B0A7DA92237089F300244149 /* Resources */ = {
			isa = PBXResourcesBuildPhase;
			buildActionMask = 2147483647;
			files = (
				B0A7DAA7237089F600244149 /* LaunchScreen.storyboard in Resources */,
				B0D5E45A237DBFDC00CBC793 /* FileIO.storyboard in Resources */,
				B0D5E459237DBFDC00CBC793 /* Histogram.storyboard in Resources */,
				B0A7DAA4237089F600244149 /* Assets.xcassets in Resources */,
				B0D5E456237DBFDC00CBC793 /* Pythagoras.storyboard in Resources */,
				B0D5E458237DBFDC00CBC793 /* Calculator.storyboard in Resources */,
				B0A7DAA2237089F300244149 /* Main.storyboard in Resources */,
				B0D5E457237DBFDC00CBC793 /* AlgoSearch.storyboard in Resources */,
			);
			runOnlyForDeploymentPostprocessing = 0;
		};
/* End PBXResourcesBuildPhase section */

/* Begin PBXSourcesBuildPhase section */
		B0A7DA90237089F300244149 /* Sources */ = {
			isa = PBXSourcesBuildPhase;
			buildActionMask = 2147483647;
			files = (
				B0D5E473237DC03900CBC793 /* calc.c in Sources */,
				B0D5E491237DD09C00CBC793 /* AlgoController.m in Sources */,
				B0D5E48E237DD09C00CBC793 /* FileIOController.m in Sources */,
				B0A7DA99237089F300244149 /* AppDelegate.m in Sources */,
				B0D5E472237DC03900CBC793 /* programming.c in Sources */,
				B0A7DAAA237089F600244149 /* main.m in Sources */,
				B0D5E470237DC03900CBC793 /* histogram.c in Sources */,
				B0D5E492237DD09C00CBC793 /* HistoController.m in Sources */,
				B0D5E48F237DD09C00CBC793 /* CalcController.m in Sources */,
				B0A7DA9C237089F300244149 /* SceneDelegate.m in Sources */,
				B0D5E490237DD09C00CBC793 /* PythController.m in Sources */,
				B0D5E474237DC03900CBC793 /* fileparse.c in Sources */,
			);
			runOnlyForDeploymentPostprocessing = 0;
		};
/* End PBXSourcesBuildPhase section */

/* Begin PBXVariantGroup section */
		B0A7DAA0237089F300244149 /* Main.storyboard */ = {
			isa = PBXVariantGroup;
			children = (
				B0A7DAA1237089F300244149 /* Base */,
			);
			name = Main.storyboard;
			sourceTree = "<group>";
		};
		B0A7DAA5237089F600244149 /* LaunchScreen.storyboard */ = {
			isa = PBXVariantGroup;
			children = (
				B0A7DAA6237089F600244149 /* Base */,
			);
			name = LaunchScreen.storyboard;
			sourceTree = "<group>";
		};
/* End PBXVariantGroup section */

/* Begin XCBuildConfiguration section */
		B0A7DAAB237089F600244149 /* Debug */ = {
			isa = XCBuildConfiguration;
			buildSettings = {
				ALWAYS_SEARCH_USER_PATHS = NO;
				CLANG_ANALYZER_NONNULL = YES;
				CLANG_ANALYZER_NUMBER_OBJECT_CONVERSION = YES_AGGRESSIVE;
				CLANG_CXX_LANGUAGE_STANDARD = "gnu++14";
				CLANG_CXX_LIBRARY = "libc++";
				CLANG_ENABLE_MODULES = YES;
				CLANG_ENABLE_OBJC_ARC = YES;
				CLANG_ENABLE_OBJC_WEAK = YES;
				CLANG_WARN_BLOCK_CAPTURE_AUTORELEASING = YES;
				CLANG_WARN_BOOL_CONVERSION = YES;
				CLANG_WARN_COMMA = YES;
				CLANG_WARN_CONSTANT_CONVERSION = YES;
				CLANG_WARN_DEPRECATED_OBJC_IMPLEMENTATIONS = YES;
				CLANG_WARN_DIRECT_OBJC_ISA_USAGE = YES_ERROR;
				CLANG_WARN_DOCUMENTATION_COMMENTS = YES;
				CLANG_WARN_EMPTY_BODY = YES;
				CLANG_WARN_ENUM_CONVERSION = YES;
				CLANG_WARN_INFINITE_RECURSION = YES;
				CLANG_WARN_INT_CONVERSION = YES;
				CLANG_WARN_NON_LITERAL_NULL_CONVERSION = YES;
				CLANG_WARN_OBJC_IMPLICIT_RETAIN_SELF = YES;
				CLANG_WARN_OBJC_LITERAL_CONVERSION = YES;
				CLANG_WARN_OBJC_ROOT_CLASS = YES_ERROR;
				CLANG_WARN_RANGE_LOOP_ANALYSIS = YES;
				CLANG_WARN_STRICT_PROTOTYPES = YES;
				CLANG_WARN_SUSPICIOUS_MOVE = YES;
				CLANG_WARN_UNGUARDED_AVAILABILITY = YES_AGGRESSIVE;
				CLANG_WARN_UNREACHABLE_CODE = YES;
				CLANG_WARN__DUPLICATE_METHOD_MATCH = YES;
				COPY_PHASE_STRIP = NO;
				DEBUG_INFORMATION_FORMAT = dwarf;
				ENABLE_STRICT_OBJC_MSGSEND = YES;
				ENABLE_TESTABILITY = YES;
				GCC_C_LANGUAGE_STANDARD = gnu11;
				GCC_DYNAMIC_NO_PIC = NO;
				GCC_NO_COMMON_BLOCKS = YES;
				GCC_OPTIMIZATION_LEVEL = 0;
				GCC_PREPROCESSOR_DEFINITIONS = (
					"DEBUG=1",
					"$(inherited)",
				);
				GCC_WARN_64_TO_32_BIT_CONVERSION = YES;
				GCC_WARN_ABOUT_RETURN_TYPE = YES_ERROR;
				GCC_WARN_UNDECLARED_SELECTOR = YES;
				GCC_WARN_UNINITIALIZED_AUTOS = YES_AGGRESSIVE;
				GCC_WARN_UNUSED_FUNCTION = YES;
				GCC_WARN_UNUSED_VARIABLE = YES;
				IPHONEOS_DEPLOYMENT_TARGET = 13.1;
				MTL_ENABLE_DEBUG_INFO = INCLUDE_SOURCE;
				MTL_FAST_MATH = YES;
				ONLY_ACTIVE_ARCH = YES;
				SDKROOT = iphoneos;
			};
			name = Debug;
		};
		B0A7DAAC237089F600244149 /* Release */ = {
			isa = XCBuildConfiguration;
			buildSettings = {
				ALWAYS_SEARCH_USER_PATHS = NO;
				CLANG_ANALYZER_NONNULL = YES;
				CLANG_ANALYZER_NUMBER_OBJECT_CONVERSION = YES_AGGRESSIVE;
				CLANG_CXX_LANGUAGE_STANDARD = "gnu++14";
				CLANG_CXX_LIBRARY = "libc++";
				CLANG_ENABLE_MODULES = YES;
				CLANG_ENABLE_OBJC_ARC = YES;
				CLANG_ENABLE_OBJC_WEAK = YES;
				CLANG_WARN_BLOCK_CAPTURE_AUTORELEASING = YES;
				CLANG_WARN_BOOL_CONVERSION = YES;
				CLANG_WARN_COMMA = YES;
				CLANG_WARN_CONSTANT_CONVERSION = YES;
				CLANG_WARN_DEPRECATED_OBJC_IMPLEMENTATIONS = YES;
				CLANG_WARN_DIRECT_OBJC_ISA_USAGE = YES_ERROR;
				CLANG_WARN_DOCUMENTATION_COMMENTS = YES;
				CLANG_WARN_EMPTY_BODY = YES;
				CLANG_WARN_ENUM_CONVERSION = YES;
				CLANG_WARN_INFINITE_RECURSION = YES;
				CLANG_WARN_INT_CONVERSION = YES;
				CLANG_WARN_NON_LITERAL_NULL_CONVERSION = YES;
				CLANG_WARN_OBJC_IMPLICIT_RETAIN_SELF = YES;
				CLANG_WARN_OBJC_LITERAL_CONVERSION = YES;
				CLANG_WARN_OBJC_ROOT_CLASS = YES_ERROR;
				CLANG_WARN_RANGE_LOOP_ANALYSIS = YES;
				CLANG_WARN_STRICT_PROTOTYPES = YES;
				CLANG_WARN_SUSPICIOUS_MOVE = YES;
				CLANG_WARN_UNGUARDED_AVAILABILITY = YES_AGGRESSIVE;
				CLANG_WARN_UNREACHABLE_CODE = YES;
				CLANG_WARN__DUPLICATE_METHOD_MATCH = YES;
				COPY_PHASE_STRIP = NO;
				DEBUG_INFORMATION_FORMAT = "dwarf-with-dsym";
				ENABLE_NS_ASSERTIONS = NO;
				ENABLE_STRICT_OBJC_MSGSEND = YES;
				GCC_C_LANGUAGE_STANDARD = gnu11;
				GCC_NO_COMMON_BLOCKS = YES;
				GCC_WARN_64_TO_32_BIT_CONVERSION = YES;
				GCC_WARN_ABOUT_RETURN_TYPE = YES_ERROR;
				GCC_WARN_UNDECLARED_SELECTOR = YES;
				GCC_WARN_UNINITIALIZED_AUTOS = YES_AGGRESSIVE;
				GCC_WARN_UNUSED_FUNCTION = YES;
				GCC_WARN_UNUSED_VARIABLE = YES;
				IPHONEOS_DEPLOYMENT_TARGET = 13.1;
				MTL_ENABLE_DEBUG_INFO = NO;
				MTL_FAST_MATH = YES;
				SDKROOT = iphoneos;
				VALIDATE_PRODUCT = YES;
			};
			name = Release;
		};
		B0A7DAAE237089F600244149 /* Debug */ = {
			isa = XCBuildConfiguration;
			buildSettings = {
				ASSETCATALOG_COMPILER_APPICON_NAME = AppIcon;
				CODE_SIGN_STYLE = Automatic;
				INFOPLIST_FILE = UI.portfolio/Info.plist;
				LD_RUNPATH_SEARCH_PATHS = (
					"$(inherited)",
					"@executable_path/Frameworks",
				);
				PRODUCT_BUNDLE_IDENTIFIER = "xcode.UI-portfolio";
				PRODUCT_NAME = "$(TARGET_NAME)";
				TARGETED_DEVICE_FAMILY = "1,2";
			};
			name = Debug;
		};
		B0A7DAAF237089F600244149 /* Release */ = {
			isa = XCBuildConfiguration;
			buildSettings = {
				ASSETCATALOG_COMPILER_APPICON_NAME = AppIcon;
				CODE_SIGN_STYLE = Automatic;
				INFOPLIST_FILE = UI.portfolio/Info.plist;
				LD_RUNPATH_SEARCH_PATHS = (
					"$(inherited)",
					"@executable_path/Frameworks",
				);
				PRODUCT_BUNDLE_IDENTIFIER = "xcode.UI-portfolio";
				PRODUCT_NAME = "$(TARGET_NAME)";
				TARGETED_DEVICE_FAMILY = "1,2";
			};
			name = Release;
		};
/* End XCBuildConfiguration section */

/* Begin XCConfigurationList section */
		B0A7DA8F237089F300244149 /* Build configuration list for PBXProject "UI.portfolio" */ = {
			isa = XCConfigurationList;
			buildConfigurations = (
				B0A7DAAB237089F600244149 /* Debug */,
				B0A7DAAC237089F600244149 /* Release */,
			);
			defaultConfigurationIsVisible = 0;
			defaultConfigurationName = Release;
		};
		B0A7DAAD237089F600244149 /* Build configuration list for PBXNativeTarget "UI.portfolio" */ = {
			isa = XCConfigurationList;
			buildConfigurations = (
				B0A7DAAE237089F600244149 /* Debug */,
				B0A7DAAF237089F600244149 /* Release */,
			);
			defaultConfigurationIsVisible = 0;
			defaultConfigurationName = Release;
		};
/* End XCConfigurationList section */
	};
	rootObject = B0A7DA8C237089F300244149 /* Project object */;
}
